{
  "name": "cheetah-grid-icon-svg-loader-test-inputs",
  "requires": true,
  "lockfileVersion": 1,
  "dependencies": {
    "material-design-icons": {
      "version": "3.0.1",
      "resolved": "https://registry.npmjs.org/material-design-icons/-/material-design-icons-3.0.1.tgz",
      "integrity": "sha1-mnHEh0chjrylHlGmbaaCA4zct78=",
      "dev": true
    }
  }
}
